[[package]]
category = "dev"
description = "A tool that automatically formats Python code to conform to the PEP 8 style guide"
name = "autopep8"
optional = false
python-versions = "*"
version = "1.5.3"

[package.dependencies]
pycodestyle = ">=2.6.0"
toml = "*"

[[package]]
category = "main"
description = "httplib2 caching for requests"
name = "cachecontrol"
optional = false
python-versions = ">=2.7, !=3.0.*, !=3.1.*, !=3.2.*, !=3.3.*"
version = "0.12.6"

[package.dependencies]
msgpack = ">=0.5.2"
requests = "*"
lockfile = {version = ">=0.9", optional = true, markers = "extra == \"filecache\""}

[package.extras]
filecache = ["lockfile (>=0.9)"]
redis = ["redis (>=2.10.5)"]

[[package]]
category = "main"
description = "A cartographic python library with Matplotlib support for visualisation"
name = "cartopy"
optional = false
python-versions = ">=2.7, !=3.0.*, !=3.1.*, !=3.2.*, !=3.3.*, !=3.4.*"
version = "0.18.0"

[package.dependencies]
numpy = ">=1.10"
pyshp = ">=1.1.4"
shapely = ">=1.5.6"
six = ">=1.3.0"

[package.extras]
epsg = ["pyepsg (>=0.4.0)"]
ows = ["OWSLib (>=0.8.11)", "pillow (>=1.7.8)"]
plotting = ["matplotlib (>=1.5.1)", "GDAL (>=1.10.0)", "pillow (>=1.7.8)", "scipy (>=0.10)"]
tests = ["filelock", "mock (>=1.0.1)", "pytest (>=3.0.0)"]

[[package]]
category = "main"
description = "Python package for providing Mozilla's CA Bundle."
name = "certifi"
optional = false
python-versions = "*"
version = "2020.6.20"

[[package]]
category = "main"
description = "Universal encoding detector for Python 2 and 3"
name = "chardet"
optional = false
python-versions = "*"
version = "3.0.4"

[[package]]
category = "main"
description = "Composable style cycles"
name = "cycler"
optional = false
python-versions = "*"
version = "0.10.0"

[package.dependencies]
six = "*"

[[package]]
category = "main"
description = "Decorators for Humans"
name = "decorator"
optional = false
python-versions = ">=2.6, !=3.0.*, !=3.1.*"
version = "4.4.2"

[[package]]
category = "main"
description = "Dominate is a Python library for creating and manipulating HTML documents using an elegant DOM API."
name = "dominate"
optional = false
python-versions = ">=2.7, !=3.0.*, !=3.1.*, !=3.2.*, !=3.3.*"
version = "2.5.1"

[[package]]
category = "main"
description = "Internationalized Domain Names in Applications (IDNA)"
name = "idna"
optional = false
python-versions = ">=2.7, !=3.0.*, !=3.1.*, !=3.2.*, !=3.3.*"
version = "2.10"

[[package]]
category = "main"
description = "Library for reading and writing a wide range of image, video, scientific, and volumetric data formats."
name = "imageio"
optional = false
python-versions = ">=3.5"
version = "2.9.0"

[package.dependencies]
numpy = "*"
pillow = "*"

[package.extras]
ffmpeg = ["imageio-ffmpeg"]
fits = ["astropy"]
full = ["astropy", "gdal", "imageio-ffmpeg", "itk"]
gdal = ["gdal"]
itk = ["itk"]

[[package]]
category = "main"
description = "FFMPEG wrapper for Python"
name = "imageio-ffmpeg"
optional = false
python-versions = ">=3.4"
version = "0.4.2"

[[package]]
category = "main"
description = "a library for doing approximate and phonetic matching of strings."
name = "jellyfish"
optional = false
python-versions = "*"
version = "0.6.1"

[[package]]
category = "main"
description = "A fast implementation of the Cassowary constraint solver"
name = "kiwisolver"
optional = false
python-versions = ">=3.6"
version = "1.2.0"

[[package]]
category = "main"
description = "Platform-independent file locking module"
name = "lockfile"
optional = false
python-versions = "*"
version = "0.12.2"

[[package]]
category = "main"
description = "Python plotting package"
name = "matplotlib"
optional = false
python-versions = ">=3.6"
version = "3.3.0"

[package.dependencies]
cycler = ">=0.10"
kiwisolver = ">=1.0.1"
numpy = ">=1.15"
pillow = ">=6.2.0"
pyparsing = ">=2.0.3,<2.0.4 || >2.0.4,<2.1.2 || >2.1.2,<2.1.6 || >2.1.6"
python-dateutil = ">=2.1"

[[package]]
category = "main"
description = "Video editing with Python"
name = "moviepy"
optional = false
python-versions = "*"
version = "1.0.3"

[package.dependencies]
decorator = ">=4.0.2,<5.0"
proglog = "<=1.0.0"
requests = ">=2.8.1,<3.0"
tqdm = ">=4.11.2,<5.0"
imageio = {version = ">=2.5,<3.0", markers = "python_version >= \"3.4\""}
imageio_ffmpeg = {version = ">=0.2.0", markers = "python_version >= \"3.4\""}

[[package.dependencies.numpy]]
markers = "python_version != \"2.7\""
version = ">=1.17.3"

[[package.dependencies.numpy]]
markers = "python_version >= \"2.7\""
version = "*"

[package.extras]
doc = ["numpydoc (>=0.6.0,<1.0)", "sphinx_rtd_theme (>=0.1.10b0,<1.0)", "Sphinx (>=1.5.2,<2.0)", "pygame (>=1.9.3,<2.0)"]
optional = ["youtube-dl", "opencv-python (>=3.0,<4.0)", "scipy (>=0.19.0,<1.5)", "scikit-image (>=0.13.0,<1.0)", "scikit-learn", "matplotlib (>=2.0.0,<3.0)"]
test = ["coverage (<5.0)", "coveralls (>=1.1,<2.0)", "pytest-cov (>=2.5.1,<3.0)", "pytest (>=3.0.0,<4.0)", "requests (>=2.8.1,<3.0)"]

[[package]]
category = "main"
description = "A (new) cairo backend for Matplotlib."
name = "mplcairo"
optional = false
python-versions = ">=3.6"
version = "0.3"

[package.dependencies]
matplotlib = ">=2.2"
pillow = "*"
pycairo = {version = ">=1.16.0", markers = "os_name == \"posix\""}

[[package]]
category = "main"
description = "MessagePack (de)serializer."
name = "msgpack"
optional = false
python-versions = "*"
version = "1.0.0"

[[package]]
category = "main"
description = "NumPy is the fundamental package for array computing with Python."
name = "numpy"
optional = false
python-versions = ">=3.6"
version = "1.19.1"

[[package]]
category = "main"
description = "Powerful data structures for data analysis, time series, and statistics"
name = "pandas"
optional = false
python-versions = ">=3.6.1"
version = "1.0.5"

[package.dependencies]
numpy = ">=1.13.3"
python-dateutil = ">=2.6.1"
pytz = ">=2017.2"

[package.extras]
test = ["pytest (>=4.0.2)", "pytest-xdist", "hypothesis (>=3.58)"]

[[package]]
category = "main"
description = "Python Imaging Library (Fork)"
name = "pillow"
optional = false
python-versions = ">=3.5"
version = "7.2.0"

[[package]]
category = "main"
description = "Log and progress bar manager for console, notebooks, web..."
name = "proglog"
optional = false
python-versions = "*"
version = "0.1.9"

[package.dependencies]
tqdm = "*"

[[package]]
category = "main"
description = "Python interface for cairo"
name = "pycairo"
optional = false
python-versions = ">=3.5, <4"
version = "1.19.1"

[[package]]
category = "dev"
description = "Python style guide checker"
name = "pycodestyle"
optional = false
python-versions = ">=2.7, !=3.0.*, !=3.1.*, !=3.2.*, !=3.3.*"
version = "2.6.0"

[[package]]
category = "main"
description = "ISO country, subdivision, language, currency and script definitions and their translations"
name = "pycountry"
optional = false
python-versions = "*"
version = "20.7.3"

[[package]]
category = "main"
description = "Python parsing module"
name = "pyparsing"
optional = false
python-versions = ">=2.6, !=3.0.*, !=3.1.*, !=3.2.*"
version = "2.4.7"

[[package]]
category = "main"
description = "Reads/writes R RData and Rds files into/from pandas data frames."
name = "pyreadr"
optional = false
python-versions = "*"
version = "0.3.4"

[package.dependencies]
pandas = ">0.24.0"

[[package]]
category = "main"
description = "Pure Python read/write support for ESRI Shapefile format"
name = "pyshp"
optional = false
python-versions = ">= 2.7"
version = "2.1.0"

[[package]]
category = "main"
description = "Extensions to the standard Python datetime module"
name = "python-dateutil"
optional = false
python-versions = "!=3.0.*,!=3.1.*,!=3.2.*,>=2.7"
version = "2.8.1"

[package.dependencies]
six = ">=1.5"

[[package]]
category = "main"
description = "World timezone definitions, modern and historical"
name = "pytz"
optional = false
python-versions = "*"
version = "2020.1"

[[package]]
category = "main"
description = "Python HTTP for Humans."
name = "requests"
optional = false
python-versions = ">=2.7, !=3.0.*, !=3.1.*, !=3.2.*, !=3.3.*, !=3.4.*"
version = "2.24.0"

[package.dependencies]
certifi = ">=2017.4.17"
chardet = ">=3.0.2,<4"
idna = ">=2.5,<3"
urllib3 = ">=1.21.1,<1.25.0 || >1.25.0,<1.25.1 || >1.25.1,<1.26"

[package.extras]
security = ["pyOpenSSL (>=0.14)", "cryptography (>=1.3.4)"]
socks = ["PySocks (>=1.5.6,<1.5.7 || >1.5.7)", "win-inet-pton"]

[[package]]
category = "main"
description = "SciPy: Scientific Library for Python"
name = "scipy"
optional = false
python-versions = ">=3.6"
version = "1.5.2"

[package.dependencies]
numpy = ">=1.14.5"

[[package]]
category = "main"
description = "Geometric objects, predicates, and operations"
name = "shapely"
optional = false
python-versions = "*"
version = "1.7.0"

[package.extras]
all = ["pytest", "pytest-cov", "numpy"]
test = ["pytest", "pytest-cov"]
vectorized = ["numpy"]

[[package]]
category = "main"
description = "Python 2 and 3 compatibility utilities"
name = "six"
optional = false
python-versions = ">=2.7, !=3.0.*, !=3.1.*, !=3.2.*"
version = "1.15.0"

[[package]]
category = "dev"
description = "Python Library for Tom's Obvious, Minimal Language"
name = "toml"
optional = false
python-versions = "*"
version = "0.10.1"

[[package]]
category = "main"
description = "Fast, Extensible Progress Meter"
name = "tqdm"
optional = false
python-versions = ">=2.6, !=3.0.*, !=3.1.*"
version = "4.48.2"

[package.extras]
dev = ["py-make (>=0.1.0)", "twine", "argopt", "pydoc-markdown"]

[[package]]
category = "main"
description = "HTTP library with thread-safe connection pooling, file post, and more."
name = "urllib3"
optional = false
python-versions = ">=2.7, !=3.0.*, !=3.1.*, !=3.2.*, !=3.3.*, !=3.4.*, <4"
version = "1.25.10"

[package.extras]
brotli = ["brotlipy (>=0.6.0)"]
secure = ["certifi", "cryptography (>=1.3.4)", "idna (>=2.0.0)", "pyOpenSSL (>=0.14)", "ipaddress"]
socks = ["PySocks (>=1.5.6,<1.5.7 || >1.5.7,<2.0)"]

[[package]]
category = "main"
description = "US state meta information and other fun stuff"
name = "us"
optional = false
python-versions = "*"
version = "2.0.2"

[package.dependencies]
jellyfish = "0.6.1"

[[package]]
category = "dev"
description = "A built-package format for Python"
name = "wheel"
optional = false
python-versions = ">=2.7, !=3.0.*, !=3.1.*, !=3.2.*, !=3.3.*, !=3.4.*"
version = "0.34.2"

[package.extras]
test = ["pytest (>=3.0.0)", "pytest-cov"]

[metadata]
content-hash = "c2bf8489a257576c71b542e6c2f539d882c6b5c325d28d13baeae3210f4427ad"
lock-version = "1.1"
python-versions = "^3.8"

[metadata.files]
autopep8 = [
    {file = "autopep8-1.5.3.tar.gz", hash = "sha256:60fd8c4341bab59963dafd5d2a566e94f547e660b9b396f772afe67d8481dbf0"},
]
cachecontrol = [
    {file = "CacheControl-0.12.6-py2.py3-none-any.whl", hash = "sha256:10d056fa27f8563a271b345207402a6dcce8efab7e5b377e270329c62471b10d"},
    {file = "CacheControl-0.12.6.tar.gz", hash = "sha256:be9aa45477a134aee56c8fac518627e1154df063e85f67d4f83ce0ccc23688e8"},
]
cartopy = [
    {file = "Cartopy-0.18.0.tar.gz", hash = "sha256:7ffa317e8f8011e0d965a3ef1179e57a049f77019867ed677d49dcc5c0744434"},
]
certifi = [
    {file = "certifi-2020.6.20-py2.py3-none-any.whl", hash = "sha256:8fc0819f1f30ba15bdb34cceffb9ef04d99f420f68eb75d901e9560b8749fc41"},
    {file = "certifi-2020.6.20.tar.gz", hash = "sha256:5930595817496dd21bb8dc35dad090f1c2cd0adfaf21204bf6732ca5d8ee34d3"},
]
chardet = [
    {file = "chardet-3.0.4-py2.py3-none-any.whl", hash = "sha256:fc323ffcaeaed0e0a02bf4d117757b98aed530d9ed4531e3e15460124c106691"},
    {file = "chardet-3.0.4.tar.gz", hash = "sha256:84ab92ed1c4d4f16916e05906b6b75a6c0fb5db821cc65e70cbd64a3e2a5eaae"},
]
cycler = [
    {file = "cycler-0.10.0-py2.py3-none-any.whl", hash = "sha256:1d8a5ae1ff6c5cf9b93e8811e581232ad8920aeec647c37316ceac982b08cb2d"},
    {file = "cycler-0.10.0.tar.gz", hash = "sha256:cd7b2d1018258d7247a71425e9f26463dfb444d411c39569972f4ce586b0c9d8"},
]
decorator = [
    {file = "decorator-4.4.2-py2.py3-none-any.whl", hash = "sha256:41fa54c2a0cc4ba648be4fd43cff00aedf5b9465c9bf18d64325bc225f08f760"},
    {file = "decorator-4.4.2.tar.gz", hash = "sha256:e3a62f0520172440ca0dcc823749319382e377f37f140a0b99ef45fecb84bfe7"},
]
dominate = [
    {file = "dominate-2.5.1-py2.py3-none-any.whl", hash = "sha256:22636ad28200e75fa9e751f0511aaeb9f0b630044ed8ccbd89c27acdf3dda7a1"},
    {file = "dominate-2.5.1.tar.gz", hash = "sha256:9b05481605ea8c0afd0a98c0156a9fb78d9c406368d66b3e6fedf36920fb9d78"},
]
idna = [
    {file = "idna-2.10-py2.py3-none-any.whl", hash = "sha256:b97d804b1e9b523befed77c48dacec60e6dcb0b5391d57af6a65a312a90648c0"},
    {file = "idna-2.10.tar.gz", hash = "sha256:b307872f855b18632ce0c21c5e45be78c0ea7ae4c15c828c20788b26921eb3f6"},
]
imageio = [
    {file = "imageio-2.9.0-py3-none-any.whl", hash = "sha256:3604d751f03002e8e0e7650aa71d8d9148144a87daf17cb1f3228e80747f2e6b"},
    {file = "imageio-2.9.0.tar.gz", hash = "sha256:52ddbaeca2dccf53ba2d6dec5676ca7bc3b2403ef8b37f7da78b7654bb3e10f0"},
]
imageio-ffmpeg = [
    {file = "imageio-ffmpeg-0.4.2.tar.gz", hash = "sha256:13b05b17a941a9f4a90b16910b1ffac159448cff051a153da8ba4b4343ffa195"},
    {file = "imageio_ffmpeg-0.4.2-py3-none-macosx_10_9_intel.macosx_10_9_x86_64.macosx_10_10_intel.macosx_10_10_x86_64.whl", hash = "sha256:4aaa9cbd1e536143379ae474323d80f4c4a693fff0b023bab440ea5913db00ac"},
    {file = "imageio_ffmpeg-0.4.2-py3-none-manylinux2010_x86_64.whl", hash = "sha256:6ec658144ddfa0b25de5f82671729734a54cdf999ddd69a134999fe6a413f3e7"},
    {file = "imageio_ffmpeg-0.4.2-py3-none-win32.whl", hash = "sha256:596f9d1516972d9723c5bc6eb1849a29e3989a8cd20834b261a8c80fd9f8f6f5"},
    {file = "imageio_ffmpeg-0.4.2-py3-none-win_amd64.whl", hash = "sha256:8cd09469ae25d8a7083ee4033a43827aadacabebc47a87432222034d2c97e542"},
]
jellyfish = [
    {file = "jellyfish-0.6.1.tar.gz", hash = "sha256:5104e45a2b804b48a46a92a5e6d6e86830fe60ae83b1da32c867402c8f4c2094"},
]
kiwisolver = [
    {file = "kiwisolver-1.2.0-cp36-cp36m-macosx_10_9_x86_64.whl", hash = "sha256:443c2320520eda0a5b930b2725b26f6175ca4453c61f739fef7a5847bd262f74"},
    {file = "kiwisolver-1.2.0-cp36-cp36m-manylinux1_i686.whl", hash = "sha256:efcf3397ae1e3c3a4a0a0636542bcad5adad3b1dd3e8e629d0b6e201347176c8"},
    {file = "kiwisolver-1.2.0-cp36-cp36m-manylinux1_x86_64.whl", hash = "sha256:fccefc0d36a38c57b7bd233a9b485e2f1eb71903ca7ad7adacad6c28a56d62d2"},
    {file = "kiwisolver-1.2.0-cp36-cp36m-manylinux2014_aarch64.whl", hash = "sha256:be046da49fbc3aa9491cc7296db7e8d27bcf0c3d5d1a40259c10471b014e4e0c"},
    {file = "kiwisolver-1.2.0-cp36-none-win32.whl", hash = "sha256:60a78858580761fe611d22127868f3dc9f98871e6fdf0a15cc4203ed9ba6179b"},
    {file = "kiwisolver-1.2.0-cp36-none-win_amd64.whl", hash = "sha256:556da0a5f60f6486ec4969abbc1dd83cf9b5c2deadc8288508e55c0f5f87d29c"},
    {file = "kiwisolver-1.2.0-cp37-cp37m-macosx_10_9_x86_64.whl", hash = "sha256:7cc095a4661bdd8a5742aaf7c10ea9fac142d76ff1770a0f84394038126d8fc7"},
    {file = "kiwisolver-1.2.0-cp37-cp37m-manylinux1_i686.whl", hash = "sha256:c955791d80e464da3b471ab41eb65cf5a40c15ce9b001fdc5bbc241170de58ec"},
    {file = "kiwisolver-1.2.0-cp37-cp37m-manylinux1_x86_64.whl", hash = "sha256:603162139684ee56bcd57acc74035fceed7dd8d732f38c0959c8bd157f913fec"},
    {file = "kiwisolver-1.2.0-cp37-cp37m-manylinux2014_aarch64.whl", hash = "sha256:63f55f490b958b6299e4e5bdac66ac988c3d11b7fafa522800359075d4fa56d1"},
    {file = "kiwisolver-1.2.0-cp37-none-win32.whl", hash = "sha256:03662cbd3e6729f341a97dd2690b271e51a67a68322affab12a5b011344b973c"},
    {file = "kiwisolver-1.2.0-cp37-none-win_amd64.whl", hash = "sha256:4eadb361baf3069f278b055e3bb53fa189cea2fd02cb2c353b7a99ebb4477ef1"},
    {file = "kiwisolver-1.2.0-cp38-cp38-macosx_10_9_x86_64.whl", hash = "sha256:c31bc3c8e903d60a1ea31a754c72559398d91b5929fcb329b1c3a3d3f6e72113"},
    {file = "kiwisolver-1.2.0-cp38-cp38-manylinux1_i686.whl", hash = "sha256:d52b989dc23cdaa92582ceb4af8d5bcc94d74b2c3e64cd6785558ec6a879793e"},
    {file = "kiwisolver-1.2.0-cp38-cp38-manylinux1_x86_64.whl", hash = "sha256:e586b28354d7b6584d8973656a7954b1c69c93f708c0c07b77884f91640b7657"},
    {file = "kiwisolver-1.2.0-cp38-cp38-manylinux2014_aarch64.whl", hash = "sha256:38d05c9ecb24eee1246391820ed7137ac42a50209c203c908154782fced90e44"},
    {file = "kiwisolver-1.2.0-cp38-none-win32.whl", hash = "sha256:d069ef4b20b1e6b19f790d00097a5d5d2c50871b66d10075dab78938dc2ee2cf"},
    {file = "kiwisolver-1.2.0-cp38-none-win_amd64.whl", hash = "sha256:18d749f3e56c0480dccd1714230da0f328e6e4accf188dd4e6884bdd06bf02dd"},
    {file = "kiwisolver-1.2.0.tar.gz", hash = "sha256:247800260cd38160c362d211dcaf4ed0f7816afb5efe56544748b21d6ad6d17f"},
]
lockfile = [
    {file = "lockfile-0.12.2-py2.py3-none-any.whl", hash = "sha256:6c3cb24f344923d30b2785d5ad75182c8ea7ac1b6171b08657258ec7429d50fa"},
    {file = "lockfile-0.12.2.tar.gz", hash = "sha256:6aed02de03cba24efabcd600b30540140634fc06cfa603822d508d5361e9f799"},
]
matplotlib = [
    {file = "matplotlib-3.3.0-1-cp36-cp36m-macosx_10_9_x86_64.whl", hash = "sha256:b0786ac32983191fcd9cc0230b4ec2f8b3c25dee9beca46ca506c5d6cc5c593d"},
    {file = "matplotlib-3.3.0-1-cp36-cp36m-manylinux1_x86_64.whl", hash = "sha256:f9753c6292d5a1fe46828feb38d1de1820e3ea109a5fea0b6ea1dca6e9d0b220"},
    {file = "matplotlib-3.3.0-1-cp37-cp37m-macosx_10_9_x86_64.whl", hash = "sha256:6aa7ea00ad7d898704ffed46e83efd7ec985beba57f507c957979f080678b9ea"},
    {file = "matplotlib-3.3.0-1-cp37-cp37m-manylinux1_x86_64.whl", hash = "sha256:19cf4db0272da286863a50406f6430101af129f288c421b1a7f33ddfc8d0180f"},
    {file = "matplotlib-3.3.0-1-cp38-cp38-macosx_10_9_x86_64.whl", hash = "sha256:ebb6168c9330309b1f3360d36c481d8cd621a490cf2a69c9d6625b2a76777c12"},
    {file = "matplotlib-3.3.0-1-cp38-cp38-manylinux1_x86_64.whl", hash = "sha256:695b4165520bdfe381d15a6db03778babb265fee7affdc43e169a881f3f329bc"},
    {file = "matplotlib-3.3.0-cp36-cp36m-macosx_10_9_x86_64.whl", hash = "sha256:9ccc651261b7044ffc3b1e2f9af17b1ef4c6a12fc080b5a7353ef0b53a50be28"},
    {file = "matplotlib-3.3.0-cp36-cp36m-manylinux1_x86_64.whl", hash = "sha256:e3868686f3023644523df486fc224b0af4349f3cdb933b0a71f261a574d7b65f"},
    {file = "matplotlib-3.3.0-cp36-cp36m-win32.whl", hash = "sha256:7c9adba58a67d23cc131c4189da56cb1d0f18a237c43188d831a44e4fc5df15a"},
    {file = "matplotlib-3.3.0-cp36-cp36m-win_amd64.whl", hash = "sha256:855bb281f3cc8e23ef66064a2beb229674fdf785638091fc82a172e3e84c2780"},
    {file = "matplotlib-3.3.0-cp37-cp37m-macosx_10_9_x86_64.whl", hash = "sha256:7ce8f5364c74aac06abad84d8744d659bd86036e86c4ebf14c75ae4292597b46"},
    {file = "matplotlib-3.3.0-cp37-cp37m-manylinux1_x86_64.whl", hash = "sha256:605e4d43b421524ad955a56535391e02866d07bce27c644e2c99e25fb59d63d1"},
    {file = "matplotlib-3.3.0-cp37-cp37m-win32.whl", hash = "sha256:cef05e9a2302f96d6f0666ee70ac7715cbc12e3802d8b8eb80bacd6ab81a0a24"},
    {file = "matplotlib-3.3.0-cp37-cp37m-win_amd64.whl", hash = "sha256:bf8d527a2eb9a5db1c9e5e405d1b1c4e66be983620c9ce80af6aae430d9a0c9c"},
    {file = "matplotlib-3.3.0-cp38-cp38-macosx_10_9_x86_64.whl", hash = "sha256:c06ea133b44805d42f2507cb3503f6647b0c7918f1900b5063f5a8a69c63f6d2"},
    {file = "matplotlib-3.3.0-cp38-cp38-manylinux1_x86_64.whl", hash = "sha256:09b4096748178bcc764b81587b00ab720eac24965d2bf44ecbe09dcf4e8ed253"},
    {file = "matplotlib-3.3.0-cp38-cp38-win32.whl", hash = "sha256:c1f850908600efa60f81ad14eedbaf7cb17185a2c6d26586ae826ae5ce21f6e0"},
    {file = "matplotlib-3.3.0-cp38-cp38-win_amd64.whl", hash = "sha256:2a9d10930406748b50f60c5fa74c399a1c1080aa6ce6e3fe5f38473b02f6f06d"},
    {file = "matplotlib-3.3.0-cp39-cp39-win32.whl", hash = "sha256:244a9088140a4c540e0a2db9c8ada5ad12520efded592a46e5bc43ff8f0fd0aa"},
    {file = "matplotlib-3.3.0-cp39-cp39-win_amd64.whl", hash = "sha256:f74c39621b03cec7bc08498f140192ac26ca940ef20beac6dfad3714d2298b2a"},
    {file = "matplotlib-3.3.0.tar.gz", hash = "sha256:24e8db94948019d531ce0bcd637ac24b1c8f6744ac86d2aa0eb6dbaeb1386f82"},
]
moviepy = [
    {file = "moviepy-1.0.3.tar.gz", hash = "sha256:2884e35d1788077db3ff89e763c5ba7bfddbd7ae9108c9bc809e7ba58fa433f5"},
]
mplcairo = [
    {file = "mplcairo-0.3-cp36-cp36m-macosx_10_14_x86_64.whl", hash = "sha256:b768f7ddd8d3a800361c181da2602cf83de585e652087a8a285515bd30040326"},
    {file = "mplcairo-0.3-cp36-cp36m-manylinux1_x86_64.whl", hash = "sha256:a31aa3e52cb8cdba0024d84171170b84bb31975a2567718949fea28b691d1473"},
    {file = "mplcairo-0.3-cp36-cp36m-win_amd64.whl", hash = "sha256:d9212070ea9cf829a237431732ac58b3c03c65e99dbd5e23441262f340b9a3ff"},
    {file = "mplcairo-0.3-cp37-cp37m-macosx_10_14_x86_64.whl", hash = "sha256:6c1bc4ae62610b1132084bb9f7e9a9358658cf12e5821e08496afa60ed43bf83"},
    {file = "mplcairo-0.3-cp37-cp37m-manylinux1_x86_64.whl", hash = "sha256:a48a12870579eaaf6e3ad50915e5a0b8a2c22bb88d48a3a11f1cde3ddb17a06f"},
    {file = "mplcairo-0.3-cp37-cp37m-win_amd64.whl", hash = "sha256:cb3fb9283f2493b72d8362cffba4c3fb4d473fa9482bc5e927e1532f00ebedee"},
    {file = "mplcairo-0.3-cp38-cp38-macosx_10_14_x86_64.whl", hash = "sha256:0411aa2709ea0776c40fa6196d9bf00027cf93bef8df332f498e266d1af400c8"},
    {file = "mplcairo-0.3-cp38-cp38-manylinux1_x86_64.whl", hash = "sha256:950d9a2cabd158dd68320fed25590cb490966129af241ee71b5e3d929b795795"},
    {file = "mplcairo-0.3-cp38-cp38-win_amd64.whl", hash = "sha256:5e11022084be6ec2629e616ab5fc729483aa18192d430011448408cf364157c2"},
    {file = "mplcairo-0.3.tar.gz", hash = "sha256:98f3d2c6f6c6d23e9593ffc9237bc43532ad72a54a50991f4ee1b86b96ad3174"},
]
msgpack = [
    {file = "msgpack-1.0.0-cp35-cp35m-manylinux1_i686.whl", hash = "sha256:cec8bf10981ed70998d98431cd814db0ecf3384e6b113366e7f36af71a0fca08"},
    {file = "msgpack-1.0.0-cp35-cp35m-manylinux1_x86_64.whl", hash = "sha256:aa5c057eab4f40ec47ea6f5a9825846be2ff6bf34102c560bad5cad5a677c5be"},
    {file = "msgpack-1.0.0-cp36-cp36m-macosx_10_13_x86_64.whl", hash = "sha256:4233b7f86c1208190c78a525cd3828ca1623359ef48f78a6fea4b91bb995775a"},
    {file = "msgpack-1.0.0-cp36-cp36m-manylinux1_i686.whl", hash = "sha256:b3758dfd3423e358bbb18a7cccd1c74228dffa7a697e5be6cb9535de625c0dbf"},
    {file = "msgpack-1.0.0-cp36-cp36m-manylinux1_x86_64.whl", hash = "sha256:25b3bc3190f3d9d965b818123b7752c5dfb953f0d774b454fd206c18fe384fb8"},
    {file = "msgpack-1.0.0-cp36-cp36m-win32.whl", hash = "sha256:e7bbdd8e2b277b77782f3ce34734b0dfde6cbe94ddb74de8d733d603c7f9e2b1"},
    {file = "msgpack-1.0.0-cp36-cp36m-win_amd64.whl", hash = "sha256:5dba6d074fac9b24f29aaf1d2d032306c27f04187651511257e7831733293ec2"},
    {file = "msgpack-1.0.0-cp37-cp37m-macosx_10_13_x86_64.whl", hash = "sha256:908944e3f038bca67fcfedb7845c4a257c7749bf9818632586b53bcf06ba4b97"},
    {file = "msgpack-1.0.0-cp37-cp37m-manylinux1_i686.whl", hash = "sha256:db685187a415f51d6b937257474ca72199f393dad89534ebbdd7d7a3b000080e"},
    {file = "msgpack-1.0.0-cp37-cp37m-manylinux1_x86_64.whl", hash = "sha256:ea41c9219c597f1d2bf6b374d951d310d58684b5de9dc4bd2976db9e1e22c140"},
    {file = "msgpack-1.0.0-cp37-cp37m-win32.whl", hash = "sha256:e35b051077fc2f3ce12e7c6a34cf309680c63a842db3a0616ea6ed25ad20d272"},
    {file = "msgpack-1.0.0-cp37-cp37m-win_amd64.whl", hash = "sha256:5bea44181fc8e18eed1d0cd76e355073f00ce232ff9653a0ae88cb7d9e643322"},
    {file = "msgpack-1.0.0-cp38-cp38-macosx_10_13_x86_64.whl", hash = "sha256:c901e8058dd6653307906c5f157f26ed09eb94a850dddd989621098d347926ab"},
    {file = "msgpack-1.0.0-cp38-cp38-manylinux1_i686.whl", hash = "sha256:271b489499a43af001a2e42f42d876bb98ccaa7e20512ff37ca78c8e12e68f84"},
    {file = "msgpack-1.0.0-cp38-cp38-manylinux1_x86_64.whl", hash = "sha256:7a22c965588baeb07242cb561b63f309db27a07382825fc98aecaf0827c1538e"},
    {file = "msgpack-1.0.0-cp38-cp38-win32.whl", hash = "sha256:002a0d813e1f7b60da599bdf969e632074f9eec1b96cbed8fb0973a63160a408"},
    {file = "msgpack-1.0.0-cp38-cp38-win_amd64.whl", hash = "sha256:39c54fdebf5fa4dda733369012c59e7d085ebdfe35b6cf648f09d16708f1be5d"},
    {file = "msgpack-1.0.0.tar.gz", hash = "sha256:9534d5cc480d4aff720233411a1f765be90885750b07df772380b34c10ecb5c0"},
]
numpy = [
    {file = "numpy-1.19.1-cp36-cp36m-macosx_10_9_x86_64.whl", hash = "sha256:b1cca51512299841bf69add3b75361779962f9cee7d9ee3bb446d5982e925b69"},
    {file = "numpy-1.19.1-cp36-cp36m-manylinux1_i686.whl", hash = "sha256:c9591886fc9cbe5532d5df85cb8e0cc3b44ba8ce4367bd4cf1b93dc19713da72"},
    {file = "numpy-1.19.1-cp36-cp36m-manylinux1_x86_64.whl", hash = "sha256:cf1347450c0b7644ea142712619533553f02ef23f92f781312f6a3553d031fc7"},
    {file = "numpy-1.19.1-cp36-cp36m-manylinux2010_i686.whl", hash = "sha256:ed8a311493cf5480a2ebc597d1e177231984c818a86875126cfd004241a73c3e"},
    {file = "numpy-1.19.1-cp36-cp36m-manylinux2010_x86_64.whl", hash = "sha256:3673c8b2b29077f1b7b3a848794f8e11f401ba0b71c49fbd26fb40b71788b132"},
    {file = "numpy-1.19.1-cp36-cp36m-manylinux2014_aarch64.whl", hash = "sha256:56ef7f56470c24bb67fb43dae442e946a6ce172f97c69f8d067ff8550cf782ff"},
    {file = "numpy-1.19.1-cp36-cp36m-win32.whl", hash = "sha256:aaf42a04b472d12515debc621c31cf16c215e332242e7a9f56403d814c744624"},
    {file = "numpy-1.19.1-cp36-cp36m-win_amd64.whl", hash = "sha256:082f8d4dd69b6b688f64f509b91d482362124986d98dc7dc5f5e9f9b9c3bb983"},
    {file = "numpy-1.19.1-cp37-cp37m-macosx_10_9_x86_64.whl", hash = "sha256:e4f6d3c53911a9d103d8ec9518190e52a8b945bab021745af4939cfc7c0d4a9e"},
    {file = "numpy-1.19.1-cp37-cp37m-manylinux1_i686.whl", hash = "sha256:5b6885c12784a27e957294b60f97e8b5b4174c7504665333c5e94fbf41ae5d6a"},
    {file = "numpy-1.19.1-cp37-cp37m-manylinux1_x86_64.whl", hash = "sha256:1bc0145999e8cb8aed9d4e65dd8b139adf1919e521177f198529687dbf613065"},
    {file = "numpy-1.19.1-cp37-cp37m-manylinux2010_i686.whl", hash = "sha256:5a936fd51049541d86ccdeef2833cc89a18e4d3808fe58a8abeb802665c5af93"},
    {file = "numpy-1.19.1-cp37-cp37m-manylinux2010_x86_64.whl", hash = "sha256:ef71a1d4fd4858596ae80ad1ec76404ad29701f8ca7cdcebc50300178db14dfc"},
    {file = "numpy-1.19.1-cp37-cp37m-manylinux2014_aarch64.whl", hash = "sha256:b9792b0ac0130b277536ab8944e7b754c69560dac0415dd4b2dbd16b902c8954"},
    {file = "numpy-1.19.1-cp37-cp37m-win32.whl", hash = "sha256:b12e639378c741add21fbffd16ba5ad25c0a1a17cf2b6fe4288feeb65144f35b"},
    {file = "numpy-1.19.1-cp37-cp37m-win_amd64.whl", hash = "sha256:8343bf67c72e09cfabfab55ad4a43ce3f6bf6e6ced7acf70f45ded9ebb425055"},
    {file = "numpy-1.19.1-cp38-cp38-macosx_10_9_x86_64.whl", hash = "sha256:e45f8e981a0ab47103181773cc0a54e650b2aef8c7b6cd07405d0fa8d869444a"},
    {file = "numpy-1.19.1-cp38-cp38-manylinux1_i686.whl", hash = "sha256:667c07063940e934287993366ad5f56766bc009017b4a0fe91dbd07960d0aba7"},
    {file = "numpy-1.19.1-cp38-cp38-manylinux1_x86_64.whl", hash = "sha256:480fdd4dbda4dd6b638d3863da3be82873bba6d32d1fc12ea1b8486ac7b8d129"},
    {file = "numpy-1.19.1-cp38-cp38-manylinux2010_i686.whl", hash = "sha256:935c27ae2760c21cd7354402546f6be21d3d0c806fffe967f745d5f2de5005a7"},
    {file = "numpy-1.19.1-cp38-cp38-manylinux2010_x86_64.whl", hash = "sha256:309cbcfaa103fc9a33ec16d2d62569d541b79f828c382556ff072442226d1968"},
    {file = "numpy-1.19.1-cp38-cp38-manylinux2014_aarch64.whl", hash = "sha256:7ed448ff4eaffeb01094959b19cbaf998ecdee9ef9932381420d514e446601cd"},
    {file = "numpy-1.19.1-cp38-cp38-win32.whl", hash = "sha256:de8b4a9b56255797cbddb93281ed92acbc510fb7b15df3f01bd28f46ebc4edae"},
    {file = "numpy-1.19.1-cp38-cp38-win_amd64.whl", hash = "sha256:92feb989b47f83ebef246adabc7ff3b9a59ac30601c3f6819f8913458610bdcc"},
    {file = "numpy-1.19.1-pp36-pypy36_pp73-manylinux2010_x86_64.whl", hash = "sha256:e1b1dc0372f530f26a03578ac75d5e51b3868b9b76cd2facba4c9ee0eb252ab1"},
    {file = "numpy-1.19.1.zip", hash = "sha256:b8456987b637232602ceb4d663cb34106f7eb780e247d51a260b84760fd8f491"},
]
pandas = [
    {file = "pandas-1.0.5-cp36-cp36m-macosx_10_9_x86_64.whl", hash = "sha256:faa42a78d1350b02a7d2f0dbe3c80791cf785663d6997891549d0f86dc49125e"},
    {file = "pandas-1.0.5-cp36-cp36m-manylinux1_i686.whl", hash = "sha256:9c31d52f1a7dd2bb4681d9f62646c7aa554f19e8e9addc17e8b1b20011d7522d"},
    {file = "pandas-1.0.5-cp36-cp36m-manylinux1_x86_64.whl", hash = "sha256:8778a5cc5a8437a561e3276b85367412e10ae9fff07db1eed986e427d9a674f8"},
    {file = "pandas-1.0.5-cp36-cp36m-win32.whl", hash = "sha256:9871ef5ee17f388f1cb35f76dc6106d40cb8165c562d573470672f4cdefa59ef"},
    {file = "pandas-1.0.5-cp36-cp36m-win_amd64.whl", hash = "sha256:35b670b0abcfed7cad76f2834041dcf7ae47fd9b22b63622d67cdc933d79f453"},
    {file = "pandas-1.0.5-cp37-cp37m-macosx_10_9_x86_64.whl", hash = "sha256:c9410ce8a3dee77653bc0684cfa1535a7f9c291663bd7ad79e39f5ab58f67ab3"},
    {file = "pandas-1.0.5-cp37-cp37m-manylinux1_i686.whl", hash = "sha256:02f1e8f71cd994ed7fcb9a35b6ddddeb4314822a0e09a9c5b2d278f8cb5d4096"},
    {file = "pandas-1.0.5-cp37-cp37m-manylinux1_x86_64.whl", hash = "sha256:b3c4f93fcb6e97d993bf87cdd917883b7dab7d20c627699f360a8fb49e9e0b91"},
    {file = "pandas-1.0.5-cp37-cp37m-win32.whl", hash = "sha256:5759edf0b686b6f25a5d4a447ea588983a33afc8a0081a0954184a4a87fd0dd7"},
    {file = "pandas-1.0.5-cp37-cp37m-win_amd64.whl", hash = "sha256:ab8173a8efe5418bbe50e43f321994ac6673afc5c7c4839014cf6401bbdd0705"},
    {file = "pandas-1.0.5-cp38-cp38-macosx_10_9_x86_64.whl", hash = "sha256:13f75fb18486759da3ff40f5345d9dd20e7d78f2a39c5884d013456cec9876f0"},
    {file = "pandas-1.0.5-cp38-cp38-manylinux1_i686.whl", hash = "sha256:5a7cf6044467c1356b2b49ef69e50bf4d231e773c3ca0558807cdba56b76820b"},
    {file = "pandas-1.0.5-cp38-cp38-manylinux1_x86_64.whl", hash = "sha256:ae961f1f0e270f1e4e2273f6a539b2ea33248e0e3a11ffb479d757918a5e03a9"},
    {file = "pandas-1.0.5-cp38-cp38-win32.whl", hash = "sha256:f69e0f7b7c09f1f612b1f8f59e2df72faa8a6b41c5a436dde5b615aaf948f107"},
    {file = "pandas-1.0.5-cp38-cp38-win_amd64.whl", hash = "sha256:4c73f373b0800eb3062ffd13d4a7a2a6d522792fa6eb204d67a4fad0a40f03dc"},
    {file = "pandas-1.0.5.tar.gz", hash = "sha256:69c5d920a0b2a9838e677f78f4dde506b95ea8e4d30da25859db6469ded84fa8"},
]
pillow = [
    {file = "Pillow-7.2.0-cp35-cp35m-macosx_10_10_intel.whl", hash = "sha256:1ca594126d3c4def54babee699c055a913efb01e106c309fa6b04405d474d5ae"},
    {file = "Pillow-7.2.0-cp35-cp35m-manylinux1_i686.whl", hash = "sha256:c92302a33138409e8f1ad16731568c55c9053eee71bb05b6b744067e1b62380f"},
    {file = "Pillow-7.2.0-cp35-cp35m-manylinux1_x86_64.whl", hash = "sha256:8dad18b69f710bf3a001d2bf3afab7c432785d94fcf819c16b5207b1cfd17d38"},
    {file = "Pillow-7.2.0-cp35-cp35m-manylinux2014_aarch64.whl", hash = "sha256:431b15cffbf949e89df2f7b48528be18b78bfa5177cb3036284a5508159492b5"},
    {file = "Pillow-7.2.0-cp35-cp35m-win32.whl", hash = "sha256:09d7f9e64289cb40c2c8d7ad674b2ed6105f55dc3b09aa8e4918e20a0311e7ad"},
    {file = "Pillow-7.2.0-cp35-cp35m-win_amd64.whl", hash = "sha256:0295442429645fa16d05bd567ef5cff178482439c9aad0411d3f0ce9b88b3a6f"},
    {file = "Pillow-7.2.0-cp36-cp36m-macosx_10_10_x86_64.whl", hash = "sha256:ec29604081f10f16a7aea809ad42e27764188fc258b02259a03a8ff7ded3808d"},
    {file = "Pillow-7.2.0-cp36-cp36m-manylinux1_i686.whl", hash = "sha256:612cfda94e9c8346f239bf1a4b082fdd5c8143cf82d685ba2dba76e7adeeb233"},
    {file = "Pillow-7.2.0-cp36-cp36m-manylinux1_x86_64.whl", hash = "sha256:0a80dd307a5d8440b0a08bd7b81617e04d870e40a3e46a32d9c246e54705e86f"},
    {file = "Pillow-7.2.0-cp36-cp36m-manylinux2014_aarch64.whl", hash = "sha256:06aba4169e78c439d528fdeb34762c3b61a70813527a2c57f0540541e9f433a8"},
    {file = "Pillow-7.2.0-cp36-cp36m-win32.whl", hash = "sha256:f7e30c27477dffc3e85c2463b3e649f751789e0f6c8456099eea7ddd53be4a8a"},
    {file = "Pillow-7.2.0-cp36-cp36m-win_amd64.whl", hash = "sha256:ffe538682dc19cc542ae7c3e504fdf54ca7f86fb8a135e59dd6bc8627eae6cce"},
    {file = "Pillow-7.2.0-cp37-cp37m-macosx_10_10_x86_64.whl", hash = "sha256:94cf49723928eb6070a892cb39d6c156f7b5a2db4e8971cb958f7b6b104fb4c4"},
    {file = "Pillow-7.2.0-cp37-cp37m-manylinux1_i686.whl", hash = "sha256:6edb5446f44d901e8683ffb25ebdfc26988ee813da3bf91e12252b57ac163727"},
    {file = "Pillow-7.2.0-cp37-cp37m-manylinux1_x86_64.whl", hash = "sha256:52125833b070791fcb5710fabc640fc1df07d087fc0c0f02d3661f76c23c5b8b"},
    {file = "Pillow-7.2.0-cp37-cp37m-manylinux2014_aarch64.whl", hash = "sha256:9ad7f865eebde135d526bb3163d0b23ffff365cf87e767c649550964ad72785d"},
    {file = "Pillow-7.2.0-cp37-cp37m-win32.whl", hash = "sha256:c79f9c5fb846285f943aafeafda3358992d64f0ef58566e23484132ecd8d7d63"},
    {file = "Pillow-7.2.0-cp37-cp37m-win_amd64.whl", hash = "sha256:d350f0f2c2421e65fbc62690f26b59b0bcda1b614beb318c81e38647e0f673a1"},
    {file = "Pillow-7.2.0-cp38-cp38-macosx_10_10_x86_64.whl", hash = "sha256:6d7741e65835716ceea0fd13a7d0192961212fd59e741a46bbed7a473c634ed6"},
    {file = "Pillow-7.2.0-cp38-cp38-manylinux1_i686.whl", hash = "sha256:edf31f1150778abd4322444c393ab9c7bd2af271dd4dafb4208fb613b1f3cdc9"},
    {file = "Pillow-7.2.0-cp38-cp38-manylinux1_x86_64.whl", hash = "sha256:d08b23fdb388c0715990cbc06866db554e1822c4bdcf6d4166cf30ac82df8c41"},
    {file = "Pillow-7.2.0-cp38-cp38-manylinux2014_aarch64.whl", hash = "sha256:5e51ee2b8114def244384eda1c82b10e307ad9778dac5c83fb0943775a653cd8"},
    {file = "Pillow-7.2.0-cp38-cp38-win32.whl", hash = "sha256:725aa6cfc66ce2857d585f06e9519a1cc0ef6d13f186ff3447ab6dff0a09bc7f"},
    {file = "Pillow-7.2.0-cp38-cp38-win_amd64.whl", hash = "sha256:a060cf8aa332052df2158e5a119303965be92c3da6f2d93b6878f0ebca80b2f6"},
    {file = "Pillow-7.2.0-pp36-pypy36_pp73-win32.whl", hash = "sha256:25930fadde8019f374400f7986e8404c8b781ce519da27792cbe46eabec00c4d"},
    {file = "Pillow-7.2.0.tar.gz", hash = "sha256:97f9e7953a77d5a70f49b9a48da7776dc51e9b738151b22dacf101641594a626"},
]
proglog = [
    {file = "proglog-0.1.9.tar.gz", hash = "sha256:d8c4ccbf2138e0c5e3f3fc0d80dc51d7e69dcfe8bfde4cacb566725092a5b18d"},
]
pycairo = [
    {file = "pycairo-1.19.1.tar.gz", hash = "sha256:2c143183280feb67f5beb4e543fd49990c28e7df427301ede04fc550d3562e84"},
]
pycodestyle = [
    {file = "pycodestyle-2.6.0-py2.py3-none-any.whl", hash = "sha256:2295e7b2f6b5bd100585ebcb1f616591b652db8a741695b3d8f5d28bdc934367"},
    {file = "pycodestyle-2.6.0.tar.gz", hash = "sha256:c58a7d2815e0e8d7972bf1803331fb0152f867bd89adf8a01dfd55085434192e"},
]
pycountry = [
    {file = "pycountry-20.7.3.tar.gz", hash = "sha256:81084a53d3454344c0292deebc20fcd0a1488c136d4900312cbd465cf552cb42"},
]
pyparsing = [
    {file = "pyparsing-2.4.7-py2.py3-none-any.whl", hash = "sha256:ef9d7589ef3c200abe66653d3f1ab1033c3c419ae9b9bdb1240a85b024efc88b"},
    {file = "pyparsing-2.4.7.tar.gz", hash = "sha256:c203ec8783bf771a155b207279b9bccb8dea02d8f0c9e5f8ead507bc3246ecc1"},
]
pyreadr = [
    {file = "pyreadr-0.3.4-cp36-cp36m-macosx_10_9_x86_64.whl", hash = "sha256:787e001e8cab4739e571a81003536708fd7b7a7af2596a82e02dad37e9afe25d"},
    {file = "pyreadr-0.3.4-cp36-cp36m-manylinux1_i686.whl", hash = "sha256:6155f4ba8b72c19d2530847c8ca276ae3d9cf72bc8838d7232e97b066eb91232"},
    {file = "pyreadr-0.3.4-cp36-cp36m-manylinux1_x86_64.whl", hash = "sha256:a011c92c373b666fa06612d65ec817f86c9382f4a51796c6b3b82432004469b2"},
    {file = "pyreadr-0.3.4-cp36-cp36m-win_amd64.whl", hash = "sha256:61e819f2dad700b742ba8617858549edc8458a9236c2472f44d12714e863454f"},
    {file = "pyreadr-0.3.4-cp37-cp37m-macosx_10_9_x86_64.whl", hash = "sha256:5d0c11af482576d2955e888e18b8799f3d5b0dc41e18717a334f8235fff199b7"},
    {file = "pyreadr-0.3.4-cp37-cp37m-manylinux1_i686.whl", hash = "sha256:c2ff1fcb9b89a3be3a3c1f76060de88f20e7a07c6cea6f51d173ca3e86ee386b"},
    {file = "pyreadr-0.3.4-cp37-cp37m-manylinux1_x86_64.whl", hash = "sha256:719c006df5225afaeac5cf51b3ddc85709ca58f7819fa49073319aa51a4cc7b4"},
    {file = "pyreadr-0.3.4-cp37-cp37m-win_amd64.whl", hash = "sha256:6367d0f84c99e5f84b0712484bfd703edecef7edd5a55a79c6dc4c143bf05da0"},
    {file = "pyreadr-0.3.4-cp38-cp38-macosx_10_9_x86_64.whl", hash = "sha256:dae1e838d8c64d723e77e5def5d82e093d9f23f4814c5921c45fa472d2615221"},
    {file = "pyreadr-0.3.4-cp38-cp38-manylinux1_i686.whl", hash = "sha256:3242b13e9027bf0623e00d73fb283ab8c8b073ce13db9f28959f8cad157fdc5c"},
    {file = "pyreadr-0.3.4-cp38-cp38-manylinux1_x86_64.whl", hash = "sha256:87a6cd05cec3b698be2adb4e572b19fb9b089c86e9ea3b8ac43d4cc6b8e4e820"},
    {file = "pyreadr-0.3.4-cp38-cp38-win_amd64.whl", hash = "sha256:0fc210aa1b43e5e09d7bea7cc49ff6164b81373eb7f8085bd1627a5e4a0c982d"},
    {file = "pyreadr-0.3.4.tar.gz", hash = "sha256:22ef2e8ec5c3ffaecf63a0b19fa3ef55c9105a53875b0d77aefb5e351734bcbb"},
]
pyshp = [
    {file = "pyshp-2.1.0.tar.gz", hash = "sha256:e65c7f24d372b97d0920b864bbeb78322bb37b83f2606e2a2212631d5d51e5c0"},
]
python-dateutil = [
    {file = "python-dateutil-2.8.1.tar.gz", hash = "sha256:73ebfe9dbf22e832286dafa60473e4cd239f8592f699aa5adaf10050e6e1823c"},
    {file = "python_dateutil-2.8.1-py2.py3-none-any.whl", hash = "sha256:75bb3f31ea686f1197762692a9ee6a7550b59fc6ca3a1f4b5d7e32fb98e2da2a"},
]
pytz = [
    {file = "pytz-2020.1-py2.py3-none-any.whl", hash = "sha256:a494d53b6d39c3c6e44c3bec237336e14305e4f29bbf800b599253057fbb79ed"},
    {file = "pytz-2020.1.tar.gz", hash = "sha256:c35965d010ce31b23eeb663ed3cc8c906275d6be1a34393a1d73a41febf4a048"},
]
requests = [
    {file = "requests-2.24.0-py2.py3-none-any.whl", hash = "sha256:fe75cc94a9443b9246fc7049224f75604b113c36acb93f87b80ed42c44cbb898"},
    {file = "requests-2.24.0.tar.gz", hash = "sha256:b3559a131db72c33ee969480840fff4bb6dd111de7dd27c8ee1f820f4f00231b"},
]
scipy = [
    {file = "scipy-1.5.2-cp36-cp36m-macosx_10_9_x86_64.whl", hash = "sha256:cca9fce15109a36a0a9f9cfc64f870f1c140cb235ddf27fe0328e6afb44dfed0"},
    {file = "scipy-1.5.2-cp36-cp36m-manylinux1_i686.whl", hash = "sha256:1c7564a4810c1cd77fcdee7fa726d7d39d4e2695ad252d7c86c3ea9d85b7fb8f"},
    {file = "scipy-1.5.2-cp36-cp36m-manylinux1_x86_64.whl", hash = "sha256:07e52b316b40a4f001667d1ad4eb5f2318738de34597bd91537851365b6c61f1"},
    {file = "scipy-1.5.2-cp36-cp36m-win32.whl", hash = "sha256:d56b10d8ed72ec1be76bf10508446df60954f08a41c2d40778bc29a3a9ad9bce"},
    {file = "scipy-1.5.2-cp36-cp36m-win_amd64.whl", hash = "sha256:8e28e74b97fc8d6aa0454989db3b5d36fc27e69cef39a7ee5eaf8174ca1123cb"},
    {file = "scipy-1.5.2-cp37-cp37m-macosx_10_9_x86_64.whl", hash = "sha256:6e86c873fe1335d88b7a4bfa09d021f27a9e753758fd75f3f92d714aa4093768"},
    {file = "scipy-1.5.2-cp37-cp37m-manylinux1_i686.whl", hash = "sha256:a0afbb967fd2c98efad5f4c24439a640d39463282040a88e8e928db647d8ac3d"},
    {file = "scipy-1.5.2-cp37-cp37m-manylinux1_x86_64.whl", hash = "sha256:eecf40fa87eeda53e8e11d265ff2254729d04000cd40bae648e76ff268885d66"},
    {file = "scipy-1.5.2-cp37-cp37m-win32.whl", hash = "sha256:315aa2165aca31375f4e26c230188db192ed901761390be908c9b21d8b07df62"},
    {file = "scipy-1.5.2-cp37-cp37m-win_amd64.whl", hash = "sha256:ec5fe57e46828d034775b00cd625c4a7b5c7d2e354c3b258d820c6c72212a6ec"},
    {file = "scipy-1.5.2-cp38-cp38-macosx_10_9_x86_64.whl", hash = "sha256:fc98f3eac993b9bfdd392e675dfe19850cc8c7246a8fd2b42443e506344be7d9"},
    {file = "scipy-1.5.2-cp38-cp38-manylinux1_i686.whl", hash = "sha256:a785409c0fa51764766840185a34f96a0a93527a0ff0230484d33a8ed085c8f8"},
    {file = "scipy-1.5.2-cp38-cp38-manylinux1_x86_64.whl", hash = "sha256:0a0e9a4e58a4734c2eba917f834b25b7e3b6dc333901ce7784fd31aefbd37b2f"},
    {file = "scipy-1.5.2-cp38-cp38-win32.whl", hash = "sha256:dac09281a0eacd59974e24525a3bc90fa39b4e95177e638a31b14db60d3fa806"},
    {file = "scipy-1.5.2-cp38-cp38-win_amd64.whl", hash = "sha256:92eb04041d371fea828858e4fff182453c25ae3eaa8782d9b6c32b25857d23bc"},
    {file = "scipy-1.5.2.tar.gz", hash = "sha256:066c513d90eb3fd7567a9e150828d39111ebd88d3e924cdfc9f8ce19ab6f90c9"},
]
shapely = [
    {file = "Shapely-1.7.0-cp27-cp27m-macosx_10_9_x86_64.whl", hash = "sha256:11090bd5b5f11d54e1924a11198226971dab6f392c2e5a3c74514857f764b971"},
    {file = "Shapely-1.7.0-cp27-cp27mu-manylinux1_x86_64.whl", hash = "sha256:7554b1acd64a34d78189ab2f691bac967e0d9b38a4f345044552f9dcf3f92149"},
    {file = "Shapely-1.7.0-cp35-cp35m-macosx_10_6_intel.whl", hash = "sha256:a6c07b3b87455d107b0e4097889e9aba80a0812abf32a322a133af819b85d68a"},
    {file = "Shapely-1.7.0-cp35-cp35m-manylinux1_x86_64.whl", hash = "sha256:b845a97f8366cc4aca197c3b04304cc301d9250518123155732da6a0e0575b49"},
    {file = "Shapely-1.7.0-cp35-cp35m-win32.whl", hash = "sha256:50f96eb9993b6d841aac0addb84ea5f9da81c3fa97e1ec67c11964c8bb4fa0a5"},
    {file = "Shapely-1.7.0-cp35-cp35m-win_amd64.whl", hash = "sha256:640e8a82b5f69ccd14e7520dd66d1247cf362096586e663ef9b8098cc0cb272b"},
    {file = "Shapely-1.7.0-cp36-cp36m-macosx_10_9_x86_64.whl", hash = "sha256:7e9b01e89712fd988f931721fa36298e06a02eedf87fe7a7fd704d08f74c00f1"},
    {file = "Shapely-1.7.0-cp36-cp36m-manylinux1_x86_64.whl", hash = "sha256:1af407c58e7898a511ad01dc6e7c2099493071d939340553686b27513db6478e"},
    {file = "Shapely-1.7.0-cp36-cp36m-win32.whl", hash = "sha256:2a2d37105c1d6d936f829de6c1c4ec8d43484d7b8bae8493bdd4267140dce650"},
    {file = "Shapely-1.7.0-cp36-cp36m-win_amd64.whl", hash = "sha256:4acbd566544c33bbc58c7dd264638ff3b91a57d9b162693c37520ea60d13668d"},
    {file = "Shapely-1.7.0-cp37-cp37m-macosx_10_9_x86_64.whl", hash = "sha256:ae9a2da2b30c0b42029337854f78c71c28d285d254efd5f3be3700d997bfd18e"},
    {file = "Shapely-1.7.0-cp37-cp37m-manylinux1_x86_64.whl", hash = "sha256:29be7767a32df19e2186288cee63e539b386a35139524dc22eeceb244d0b092b"},
    {file = "Shapely-1.7.0-cp37-cp37m-win32.whl", hash = "sha256:9c62a9f7adceaa3110f2ec359c70dddd1640191609e91029e4d307e63fc8a5af"},
    {file = "Shapely-1.7.0-cp37-cp37m-win_amd64.whl", hash = "sha256:234c5424d61d8b263d6d20045f5f32437819627ca57c1ea0c08368013b49824b"},
    {file = "Shapely-1.7.0-cp38-cp38-macosx_10_9_x86_64.whl", hash = "sha256:cc0fb1851b59473d2fa2f257f1e35740875af3f402c4575b4115028234e6f2eb"},
    {file = "Shapely-1.7.0-cp38-cp38-manylinux1_x86_64.whl", hash = "sha256:2154b9f25c5f13785cb05ce80b2c86e542bc69671193743f29c9f4c791c35db3"},
    {file = "Shapely-1.7.0-cp38-cp38-win32.whl", hash = "sha256:f7eb83fb36755edcbeb76fb367104efdf980307536c38ef610cb2e1a321defe0"},
    {file = "Shapely-1.7.0-cp38-cp38-win_amd64.whl", hash = "sha256:3793b09cbd86fe297193b365cbaf58b2f7d1ddeb273213185b2ddbab360e54ae"},
    {file = "Shapely-1.7.0.tar.gz", hash = "sha256:e21a9fe1a416463ff11ae037766fe410526c95700b9e545372475d2361cc951e"},
]
six = [
    {file = "six-1.15.0-py2.py3-none-any.whl", hash = "sha256:8b74bedcbbbaca38ff6d7491d76f2b06b3592611af620f8426e82dddb04a5ced"},
    {file = "six-1.15.0.tar.gz", hash = "sha256:30639c035cdb23534cd4aa2dd52c3bf48f06e5f4a941509c8bafd8ce11080259"},
]
toml = [
    {file = "toml-0.10.1-py2.py3-none-any.whl", hash = "sha256:bda89d5935c2eac546d648028b9901107a595863cb36bae0c73ac804a9b4ce88"},
    {file = "toml-0.10.1.tar.gz", hash = "sha256:926b612be1e5ce0634a2ca03470f95169cf16f939018233a670519cb4ac58b0f"},
]
tqdm = [
    {file = "tqdm-4.48.2-py2.py3-none-any.whl", hash = "sha256:1a336d2b829be50e46b84668691e0a2719f26c97c62846298dd5ae2937e4d5cf"},
    {file = "tqdm-4.48.2.tar.gz", hash = "sha256:564d632ea2b9cb52979f7956e093e831c28d441c11751682f84c86fc46e4fd21"},
]
urllib3 = [
    {file = "urllib3-1.25.10-py2.py3-none-any.whl", hash = "sha256:e7983572181f5e1522d9c98453462384ee92a0be7fac5f1413a1e35c56cc0461"},
    {file = "urllib3-1.25.10.tar.gz", hash = "sha256:91056c15fa70756691db97756772bb1eb9678fa585d9184f24534b100dc60f4a"},
]
us = [
    {file = "us-2.0.2.tar.gz", hash = "sha256:cb11ad0d43deff3a1c3690c74f0c731cff5b862c73339df2edd91133e1496fbc"},
]
wheel = [
    {file = "wheel-0.34.2-py2.py3-none-any.whl", hash = "sha256:df277cb51e61359aba502208d680f90c0493adec6f0e848af94948778aed386e"},
    {file = "wheel-0.34.2.tar.gz", hash = "sha256:8788e9155fe14f54164c1b9eb0a319d98ef02c160725587ad60f14ddc57b6f96"},
]
